
Microsoft Visual Studio Solution File, Format Version 12.00
# Visual Studio 15
VisualStudioVersion = 15.0.28307.329
MinimumVisualStudioVersion = 10.0.40219.1
Project("{2150E333-8FDC-42A3-9474-1A3956D46DE8}") = "FormattingCode", "FormattingCode", "{2B29B089-C60F-43DE-A7E7-B660A9214FFC}"
EndProject
Project("{FAE04EC0-301F-11D3-BF4B-00C04F79EFBC}") = "Task1", "FormattingCode\Task1\Task1.csproj", "{847B4942-EE1F-4531-8158-29393E65B833}"
EndProject
Project("{FAE04EC0-301F-11D3-BF4B-00C04F79EFBC}") = "Task2", "FormattingCode\Task2\Task2.csproj", "{AF452270-3EBB-4F85-8A4D-9F4224292657}"
EndProject
Project("{2150E333-8FDC-42A3-9474-1A3956D46DE8}") = "NamingIdentifiers", "NamingIdentifiers", "{7812C12F-45B1-426F-AB2B-E38EBD1A3CBE}"
EndProject
Project("{FAE04EC0-301F-11D3-BF4B-00C04F79EFBC}") = "Task1", "NamingIdentifiers\Task1\Task1.csproj", "{BD3E950E-D3A6-45EC-B63A-CE3EC264DEC7}"
EndProject
Project("{FAE04EC0-301F-11D3-BF4B-00C04F79EFBC}") = "Task2", "NamingIdentifiers\Task2\Task2.csproj", "{209FBC5A-BFB5-4DB2-9F42-BF05E2FDD140}"
EndProject
Project("{FAE04EC0-301F-11D3-BF4B-00C04F79EFBC}") = "Task4", "NamingIdentifiers\Task4\Task4.csproj", "{3A06410F-13FE-458F-8F7D-7516AD75D3F6}"
EndProject
Project("{2150E333-8FDC-42A3-9474-1A3956D46DE8}") = "CommentsAndDocumentation", "CommentsAndDocumentation", "{71BC7396-7DF7-4E3C-83D1-514635C64789}"
EndProject
Project("{FAE04EC0-301F-11D3-BF4B-00C04F79EFBC}") = "Task1", "CommentsAndDocumentation\Task1\Task1.csproj", "{DF473E8D-3B14-4FEF-B891-27C8F9477BD1}"
EndProject
Project("{2150E333-8FDC-42A3-9474-1A3956D46DE8}") = "VariablesConstantsData", "VariablesConstantsData", "{1D34FF31-7D28-434D-BFE9-8738EDEAB45A}"
EndProject
Project("{FAE04EC0-301F-11D3-BF4B-00C04F79EFBC}") = "Task1", "VariablesConstantsData\Task1\Task1.csproj", "{235FEB71-71D0-49E0-B9DE-25D4B7363A1D}"
EndProject
Project("{2150E333-8FDC-42A3-9474-1A3956D46DE8}") = "ControlFlowConditionalsLoops", "ControlFlowConditionalsLoops", "{73E5197C-0B0F-4E5B-8A43-DA8595CB4F5E}"
EndProject
Project("{FAE04EC0-301F-11D3-BF4B-00C04F79EFBC}") = "Task1", "ControlFlowConditionalsLoops\Task1\Task1.csproj", "{AE015A53-782E-4255-B7A1-E552EF1C4907}"
EndProject
Project("{FAE04EC0-301F-11D3-BF4B-00C04F79EFBC}") = "Task3", "ControlFlowConditionalsLoops\Task3\Task3.csproj", "{8FB19940-B22A-4CDC-9998-2BB3CCB6ABDB}"
EndProject
Project("{2150E333-8FDC-42A3-9474-1A3956D46DE8}") = "HQCMethods", "HQCMethods", "{79C5DC79-2336-4B94-AFDD-A3ED51ECF482}"
EndProject
Project("{FAE04EC0-301F-11D3-BF4B-00C04F79EFBC}") = "Task1", "HQCMethods\Task1\Task1.csproj", "{532AD876-A4B4-4A97-96CB-41789AF5B812}"
EndProject
Project("{2150E333-8FDC-42A3-9474-1A3956D46DE8}") = "HQCClasses", "HQCClasses", "{04B83645-F467-454D-9A6B-E6BAAF27D3C6}"
EndProject
Project("{FAE04EC0-301F-11D3-BF4B-00C04F79EFBC}") = "Task1", "HQCClasses\Task1\Task1.csproj", "{3203AFF0-235C-4158-96CC-E6E93AA73311}"
EndProject
Global
	GlobalSection(SolutionConfigurationPlatforms) = preSolution
		Debug|Any CPU = Debug|Any CPU
		Release|Any CPU = Release|Any CPU
	EndGlobalSection
	GlobalSection(ProjectConfigurationPlatforms) = postSolution
		{847B4942-EE1F-4531-8158-29393E65B833}.Debug|Any CPU.ActiveCfg = Debug|Any CPU
		{847B4942-EE1F-4531-8158-29393E65B833}.Debug|Any CPU.Build.0 = Debug|Any CPU
		{847B4942-EE1F-4531-8158-29393E65B833}.Release|Any CPU.ActiveCfg = Release|Any CPU
		{847B4942-EE1F-4531-8158-29393E65B833}.Release|Any CPU.Build.0 = Release|Any CPU
		{AF452270-3EBB-4F85-8A4D-9F4224292657}.Debug|Any CPU.ActiveCfg = Debug|Any CPU
		{AF452270-3EBB-4F85-8A4D-9F4224292657}.Debug|Any CPU.Build.0 = Debug|Any CPU
		{AF452270-3EBB-4F85-8A4D-9F4224292657}.Release|Any CPU.ActiveCfg = Release|Any CPU
		{AF452270-3EBB-4F85-8A4D-9F4224292657}.Release|Any CPU.Build.0 = Release|Any CPU
		{BD3E950E-D3A6-45EC-B63A-CE3EC264DEC7}.Debug|Any CPU.ActiveCfg = Debug|Any CPU
		{BD3E950E-D3A6-45EC-B63A-CE3EC264DEC7}.Debug|Any CPU.Build.0 = Debug|Any CPU
		{BD3E950E-D3A6-45EC-B63A-CE3EC264DEC7}.Release|Any CPU.ActiveCfg = Release|Any CPU
		{BD3E950E-D3A6-45EC-B63A-CE3EC264DEC7}.Release|Any CPU.Build.0 = Release|Any CPU
		{209FBC5A-BFB5-4DB2-9F42-BF05E2FDD140}.Debug|Any CPU.ActiveCfg = Debug|Any CPU
		{209FBC5A-BFB5-4DB2-9F42-BF05E2FDD140}.Debug|Any CPU.Build.0 = Debug|Any CPU
		{209FBC5A-BFB5-4DB2-9F42-BF05E2FDD140}.Release|Any CPU.ActiveCfg = Release|Any CPU
		{209FBC5A-BFB5-4DB2-9F42-BF05E2FDD140}.Release|Any CPU.Build.0 = Release|Any CPU
		{3A06410F-13FE-458F-8F7D-7516AD75D3F6}.Debug|Any CPU.ActiveCfg = Debug|Any CPU
		{3A06410F-13FE-458F-8F7D-7516AD75D3F6}.Debug|Any CPU.Build.0 = Debug|Any CPU
		{3A06410F-13FE-458F-8F7D-7516AD75D3F6}.Release|Any CPU.ActiveCfg = Release|Any CPU
		{3A06410F-13FE-458F-8F7D-7516AD75D3F6}.Release|Any CPU.Build.0 = Release|Any CPU
		{DF473E8D-3B14-4FEF-B891-27C8F9477BD1}.Debug|Any CPU.ActiveCfg = Debug|Any CPU
		{DF473E8D-3B14-4FEF-B891-27C8F9477BD1}.Debug|Any CPU.Build.0 = Debug|Any CPU
		{DF473E8D-3B14-4FEF-B891-27C8F9477BD1}.Release|Any CPU.ActiveCfg = Release|Any CPU
		{DF473E8D-3B14-4FEF-B891-27C8F9477BD1}.Release|Any CPU.Build.0 = Release|Any CPU
		{235FEB71-71D0-49E0-B9DE-25D4B7363A1D}.Debug|Any CPU.ActiveCfg = Debug|Any CPU
		{235FEB71-71D0-49E0-B9DE-25D4B7363A1D}.Debug|Any CPU.Build.0 = Debug|Any CPU
		{235FEB71-71D0-49E0-B9DE-25D4B7363A1D}.Release|Any CPU.ActiveCfg = Release|Any CPU
		{235FEB71-71D0-49E0-B9DE-25D4B7363A1D}.Release|Any CPU.Build.0 = Release|Any CPU
		{AE015A53-782E-4255-B7A1-E552EF1C4907}.Debug|Any CPU.ActiveCfg = Debug|Any CPU
		{AE015A53-782E-4255-B7A1-E552EF1C4907}.Debug|Any CPU.Build.0 = Debug|Any CPU
		{AE015A53-782E-4255-B7A1-E552EF1C4907}.Release|Any CPU.ActiveCfg = Release|Any CPU
		{AE015A53-782E-4255-B7A1-E552EF1C4907}.Release|Any CPU.Build.0 = Release|Any CPU
		{8FB19940-B22A-4CDC-9998-2BB3CCB6ABDB}.Debug|Any CPU.ActiveCfg = Debug|Any CPU
		{8FB19940-B22A-4CDC-9998-2BB3CCB6ABDB}.Debug|Any CPU.Build.0 = Debug|Any CPU
		{8FB19940-B22A-4CDC-9998-2BB3CCB6ABDB}.Release|Any CPU.ActiveCfg = Release|Any CPU
		{8FB19940-B22A-4CDC-9998-2BB3CCB6ABDB}.Release|Any CPU.Build.0 = Release|Any CPU
		{532AD876-A4B4-4A97-96CB-41789AF5B812}.Debug|Any CPU.ActiveCfg = Debug|Any CPU
		{532AD876-A4B4-4A97-96CB-41789AF5B812}.Debug|Any CPU.Build.0 = Debug|Any CPU
		{532AD876-A4B4-4A97-96CB-41789AF5B812}.Release|Any CPU.ActiveCfg = Release|Any CPU
		{532AD876-A4B4-4A97-96CB-41789AF5B812}.Release|Any CPU.Build.0 = Release|Any CPU
		{3203AFF0-235C-4158-96CC-E6E93AA73311}.Debug|Any CPU.ActiveCfg = Debug|Any CPU
		{3203AFF0-235C-4158-96CC-E6E93AA73311}.Debug|Any CPU.Build.0 = Debug|Any CPU
		{3203AFF0-235C-4158-96CC-E6E93AA73311}.Release|Any CPU.ActiveCfg = Release|Any CPU
		{3203AFF0-235C-4158-96CC-E6E93AA73311}.Release|Any CPU.Build.0 = Release|Any CPU
	EndGlobalSection
	GlobalSection(SolutionProperties) = preSolution
		HideSolutionNode = FALSE
	EndGlobalSection
	GlobalSection(NestedProjects) = preSolution
		{847B4942-EE1F-4531-8158-29393E65B833} = {2B29B089-C60F-43DE-A7E7-B660A9214FFC}
		{AF452270-3EBB-4F85-8A4D-9F4224292657} = {2B29B089-C60F-43DE-A7E7-B660A9214FFC}
		{BD3E950E-D3A6-45EC-B63A-CE3EC264DEC7} = {7812C12F-45B1-426F-AB2B-E38EBD1A3CBE}
		{209FBC5A-BFB5-4DB2-9F42-BF05E2FDD140} = {7812C12F-45B1-426F-AB2B-E38EBD1A3CBE}
		{3A06410F-13FE-458F-8F7D-7516AD75D3F6} = {7812C12F-45B1-426F-AB2B-E38EBD1A3CBE}
		{DF473E8D-3B14-4FEF-B891-27C8F9477BD1} = {71BC7396-7DF7-4E3C-83D1-514635C64789}
		{235FEB71-71D0-49E0-B9DE-25D4B7363A1D} = {1D34FF31-7D28-434D-BFE9-8738EDEAB45A}
		{AE015A53-782E-4255-B7A1-E552EF1C4907} = {73E5197C-0B0F-4E5B-8A43-DA8595CB4F5E}
		{8FB19940-B22A-4CDC-9998-2BB3CCB6ABDB} = {73E5197C-0B0F-4E5B-8A43-DA8595CB4F5E}
		{532AD876-A4B4-4A97-96CB-41789AF5B812} = {79C5DC79-2336-4B94-AFDD-A3ED51ECF482}
		{3203AFF0-235C-4158-96CC-E6E93AA73311} = {04B83645-F467-454D-9A6B-E6BAAF27D3C6}
	EndGlobalSection
	GlobalSection(ExtensibilityGlobals) = postSolution
		SolutionGuid = {4C9DFB7D-3758-4195-AC02-C2E13AD33A25}
	EndGlobalSection
EndGlobal
