
Microsoft Visual Studio Solution File, Format Version 12.00
# Visual Studio 15
VisualStudioVersion = 15.0.28307.329
MinimumVisualStudioVersion = 10.0.40219.1
Project("{FAE04EC0-301F-11D3-BF4B-00C04F79EFBC}") = "NumberAsWords", "numberAsWords\NumberAsWords.csproj", "{CF148B2C-771C-491B-B03D-4D8A87AC3F81}"
EndProject
Global
	GlobalSection(SolutionConfigurationPlatforms) = preSolution
		Debug|Any CPU = Debug|Any CPU
		Release|Any CPU = Release|Any CPU
	EndGlobalSection
	GlobalSection(ProjectConfigurationPlatforms) = postSolution
		{CF148B2C-771C-491B-B03D-4D8A87AC3F81}.Debug|Any CPU.ActiveCfg = Debug|Any CPU
		{CF148B2C-771C-491B-B03D-4D8A87AC3F81}.Debug|Any CPU.Build.0 = Debug|Any CPU
		{CF148B2C-771C-491B-B03D-4D8A87AC3F81}.Release|Any CPU.ActiveCfg = Release|Any CPU
		{CF148B2C-771C-491B-B03D-4D8A87AC3F81}.Release|Any CPU.Build.0 = Release|Any CPU
	EndGlobalSection
	GlobalSection(SolutionProperties) = preSolution
		HideSolutionNode = FALSE
	EndGlobalSection
	GlobalSection(ExtensibilityGlobals) = postSolution
		SolutionGuid = {7B64D699-5023-47A7-977E-378060920B49}
	EndGlobalSection
EndGlobal
