
Microsoft Visual Studio Solution File, Format Version 12.00
# Visual Studio 15
VisualStudioVersion = 15.0.28307.572
MinimumVisualStudioVersion = 10.0.40219.1
Project("{2150E333-8FDC-42A3-9474-1A3956D46DE8}") = "Defining_Classes_P1", "Defining_Classes_P1", "{7677CAD5-92A6-4DDC-863D-26D1DB15C9E2}"
EndProject
Project("{FAE04EC0-301F-11D3-BF4B-00C04F79EFBC}") = "Task1", "Defining_Classes_P1\Task1\Task1.csproj", "{F7B75D8E-03C4-47AB-8F87-A42EC61608FC}"
EndProject
Project("{2150E333-8FDC-42A3-9474-1A3956D46DE8}") = "Defining_Classes_P2", "Defining_Classes_P2", "{E9861E5D-9A53-49AE-A3FB-DAA90ADDC7B0}"
EndProject
Project("{FAE04EC0-301F-11D3-BF4B-00C04F79EFBC}") = "Task1", "Defining_Classes_P2\Task1\Task1.csproj", "{7E4619A4-978C-4275-826A-2087BB65F848}"
EndProject
Project("{2150E333-8FDC-42A3-9474-1A3956D46DE8}") = "OOP_Principles_P1", "OOP_Principles_P1", "{A9E6777D-BC68-4D17-8442-F4E15CAE313A}"
EndProject
Project("{FAE04EC0-301F-11D3-BF4B-00C04F79EFBC}") = "Task1", "OOP_Principles_P1\Task1\Task1.csproj", "{820440AA-6FA6-48A2-89E0-32E4CC00AC47}"
EndProject
Project("{FAE04EC0-301F-11D3-BF4B-00C04F79EFBC}") = "Task2", "OOP_Principles_P1\Task2\Task2.csproj", "{CE89733E-321A-4C48-9DB8-76D6B0BEEF7A}"
EndProject
Global
	GlobalSection(SolutionConfigurationPlatforms) = preSolution
		Debug|Any CPU = Debug|Any CPU
		Release|Any CPU = Release|Any CPU
	EndGlobalSection
	GlobalSection(ProjectConfigurationPlatforms) = postSolution
		{F7B75D8E-03C4-47AB-8F87-A42EC61608FC}.Debug|Any CPU.ActiveCfg = Debug|Any CPU
		{F7B75D8E-03C4-47AB-8F87-A42EC61608FC}.Debug|Any CPU.Build.0 = Debug|Any CPU
		{F7B75D8E-03C4-47AB-8F87-A42EC61608FC}.Release|Any CPU.ActiveCfg = Release|Any CPU
		{F7B75D8E-03C4-47AB-8F87-A42EC61608FC}.Release|Any CPU.Build.0 = Release|Any CPU
		{7E4619A4-978C-4275-826A-2087BB65F848}.Debug|Any CPU.ActiveCfg = Debug|Any CPU
		{7E4619A4-978C-4275-826A-2087BB65F848}.Debug|Any CPU.Build.0 = Debug|Any CPU
		{7E4619A4-978C-4275-826A-2087BB65F848}.Release|Any CPU.ActiveCfg = Release|Any CPU
		{7E4619A4-978C-4275-826A-2087BB65F848}.Release|Any CPU.Build.0 = Release|Any CPU
		{820440AA-6FA6-48A2-89E0-32E4CC00AC47}.Debug|Any CPU.ActiveCfg = Debug|Any CPU
		{820440AA-6FA6-48A2-89E0-32E4CC00AC47}.Debug|Any CPU.Build.0 = Debug|Any CPU
		{820440AA-6FA6-48A2-89E0-32E4CC00AC47}.Release|Any CPU.ActiveCfg = Release|Any CPU
		{820440AA-6FA6-48A2-89E0-32E4CC00AC47}.Release|Any CPU.Build.0 = Release|Any CPU
		{CE89733E-321A-4C48-9DB8-76D6B0BEEF7A}.Debug|Any CPU.ActiveCfg = Debug|Any CPU
		{CE89733E-321A-4C48-9DB8-76D6B0BEEF7A}.Debug|Any CPU.Build.0 = Debug|Any CPU
		{CE89733E-321A-4C48-9DB8-76D6B0BEEF7A}.Release|Any CPU.ActiveCfg = Release|Any CPU
		{CE89733E-321A-4C48-9DB8-76D6B0BEEF7A}.Release|Any CPU.Build.0 = Release|Any CPU
	EndGlobalSection
	GlobalSection(SolutionProperties) = preSolution
		HideSolutionNode = FALSE
	EndGlobalSection
	GlobalSection(NestedProjects) = preSolution
		{F7B75D8E-03C4-47AB-8F87-A42EC61608FC} = {7677CAD5-92A6-4DDC-863D-26D1DB15C9E2}
		{7E4619A4-978C-4275-826A-2087BB65F848} = {E9861E5D-9A53-49AE-A3FB-DAA90ADDC7B0}
		{820440AA-6FA6-48A2-89E0-32E4CC00AC47} = {A9E6777D-BC68-4D17-8442-F4E15CAE313A}
		{CE89733E-321A-4C48-9DB8-76D6B0BEEF7A} = {A9E6777D-BC68-4D17-8442-F4E15CAE313A}
	EndGlobalSection
	GlobalSection(ExtensibilityGlobals) = postSolution
		SolutionGuid = {CD17232D-488E-4440-8C0D-7269B5717EB7}
	EndGlobalSection
EndGlobal
