
Microsoft Visual Studio Solution File, Format Version 12.00
# Visual Studio 15
VisualStudioVersion = 15.0.28307.329
MinimumVisualStudioVersion = 10.0.40219.1
Project("{2150E333-8FDC-42A3-9474-1A3956D46DE8}") = "DefensiveProgramming", "DefensiveProgramming", "{DCDC705B-C448-486C-8CE1-580A5F1CE344}"
EndProject
Project("{FAE04EC0-301F-11D3-BF4B-00C04F79EFBC}") = "Task1", "DefensiveProgramming\Task1\Task1.csproj", "{F5ACFDD7-C5C9-4174-871A-E08037EF35F9}"
EndProject
Project("{FAE04EC0-301F-11D3-BF4B-00C04F79EFBC}") = "Task2", "DefensiveProgramming\Task2.0\Task2.csproj", "{5356FDBF-3E20-4FD8-9A57-895DEC970145}"
EndProject
Project("{2150E333-8FDC-42A3-9474-1A3956D46DE8}") = "CodeTuning", "CodeTuning", "{5F47068C-B29C-4D58-B74F-AAA8760F39C7}"
EndProject
Project("{FAE04EC0-301F-11D3-BF4B-00C04F79EFBC}") = "Task2", "CodeTuning\Task2\Task2.csproj", "{158EA156-9D35-4FA9-A95D-6D948082337C}"
EndProject
Project("{FAE04EC0-301F-11D3-BF4B-00C04F79EFBC}") = "Task3.0", "CodeTuning\Task3.0\Task3.0.csproj", "{C7351119-23B5-494C-9E24-B48A05B7894B}"
EndProject
Project("{FAE04EC0-301F-11D3-BF4B-00C04F79EFBC}") = "Task4", "CodeTuning\Task4\Task4.csproj", "{E8D8AF00-F4C6-4A03-9595-C71970D1FABE}"
EndProject
Global
	GlobalSection(SolutionConfigurationPlatforms) = preSolution
		Debug|Any CPU = Debug|Any CPU
		Release|Any CPU = Release|Any CPU
	EndGlobalSection
	GlobalSection(ProjectConfigurationPlatforms) = postSolution
		{F5ACFDD7-C5C9-4174-871A-E08037EF35F9}.Debug|Any CPU.ActiveCfg = Debug|Any CPU
		{F5ACFDD7-C5C9-4174-871A-E08037EF35F9}.Debug|Any CPU.Build.0 = Debug|Any CPU
		{F5ACFDD7-C5C9-4174-871A-E08037EF35F9}.Release|Any CPU.ActiveCfg = Release|Any CPU
		{F5ACFDD7-C5C9-4174-871A-E08037EF35F9}.Release|Any CPU.Build.0 = Release|Any CPU
		{5356FDBF-3E20-4FD8-9A57-895DEC970145}.Debug|Any CPU.ActiveCfg = Debug|Any CPU
		{5356FDBF-3E20-4FD8-9A57-895DEC970145}.Debug|Any CPU.Build.0 = Debug|Any CPU
		{5356FDBF-3E20-4FD8-9A57-895DEC970145}.Release|Any CPU.ActiveCfg = Release|Any CPU
		{5356FDBF-3E20-4FD8-9A57-895DEC970145}.Release|Any CPU.Build.0 = Release|Any CPU
		{158EA156-9D35-4FA9-A95D-6D948082337C}.Debug|Any CPU.ActiveCfg = Debug|Any CPU
		{158EA156-9D35-4FA9-A95D-6D948082337C}.Debug|Any CPU.Build.0 = Debug|Any CPU
		{158EA156-9D35-4FA9-A95D-6D948082337C}.Release|Any CPU.ActiveCfg = Release|Any CPU
		{158EA156-9D35-4FA9-A95D-6D948082337C}.Release|Any CPU.Build.0 = Release|Any CPU
		{C7351119-23B5-494C-9E24-B48A05B7894B}.Debug|Any CPU.ActiveCfg = Debug|Any CPU
		{C7351119-23B5-494C-9E24-B48A05B7894B}.Debug|Any CPU.Build.0 = Debug|Any CPU
		{C7351119-23B5-494C-9E24-B48A05B7894B}.Release|Any CPU.ActiveCfg = Release|Any CPU
		{C7351119-23B5-494C-9E24-B48A05B7894B}.Release|Any CPU.Build.0 = Release|Any CPU
		{E8D8AF00-F4C6-4A03-9595-C71970D1FABE}.Debug|Any CPU.ActiveCfg = Debug|Any CPU
		{E8D8AF00-F4C6-4A03-9595-C71970D1FABE}.Debug|Any CPU.Build.0 = Debug|Any CPU
		{E8D8AF00-F4C6-4A03-9595-C71970D1FABE}.Release|Any CPU.ActiveCfg = Release|Any CPU
		{E8D8AF00-F4C6-4A03-9595-C71970D1FABE}.Release|Any CPU.Build.0 = Release|Any CPU
	EndGlobalSection
	GlobalSection(SolutionProperties) = preSolution
		HideSolutionNode = FALSE
	EndGlobalSection
	GlobalSection(NestedProjects) = preSolution
		{F5ACFDD7-C5C9-4174-871A-E08037EF35F9} = {DCDC705B-C448-486C-8CE1-580A5F1CE344}
		{5356FDBF-3E20-4FD8-9A57-895DEC970145} = {DCDC705B-C448-486C-8CE1-580A5F1CE344}
		{158EA156-9D35-4FA9-A95D-6D948082337C} = {5F47068C-B29C-4D58-B74F-AAA8760F39C7}
		{C7351119-23B5-494C-9E24-B48A05B7894B} = {5F47068C-B29C-4D58-B74F-AAA8760F39C7}
		{E8D8AF00-F4C6-4A03-9595-C71970D1FABE} = {5F47068C-B29C-4D58-B74F-AAA8760F39C7}
	EndGlobalSection
	GlobalSection(ExtensibilityGlobals) = postSolution
		SolutionGuid = {86FAD093-62F6-483B-B2D4-B72EC95BA8C3}
	EndGlobalSection
EndGlobal
