
Microsoft Visual Studio Solution File, Format Version 12.00
# Visual Studio 15
VisualStudioVersion = 15.0.28307.572
MinimumVisualStudioVersion = 10.0.40219.1
Project("{FAE04EC0-301F-11D3-BF4B-00C04F79EFBC}") = "Multidimentional_Arrays", "CSharp_Advanced\Multidimentional_Arrays.csproj", "{FEFEF275-35D1-417A-8184-FCB92CFBEC13}"
EndProject
Project("{FAE04EC0-301F-11D3-BF4B-00C04F79EFBC}") = "Methods", "Methods\Methods.csproj", "{B93E5DBB-9467-4198-A364-8C290FB81C8A}"
EndProject
Project("{FAE04EC0-301F-11D3-BF4B-00C04F79EFBC}") = "Using_Classes_and_Objects", "Using_Classes_and_Objects\Using_Classes_and_Objects.csproj", "{98C777AF-2AA9-48D0-9762-31D9C60CE0D0}"
EndProject
Project("{2150E333-8FDC-42A3-9474-1A3956D46DE8}") = "Strings", "Strings", "{D528F76D-D265-4323-A2C3-A5B140754F17}"
EndProject
Project("{2150E333-8FDC-42A3-9474-1A3956D46DE8}") = "Exceptions", "Exceptions", "{B1052E85-3174-47D9-AA1B-AB6E25CE6EF2}"
EndProject
Project("{FAE04EC0-301F-11D3-BF4B-00C04F79EFBC}") = "Task1", "Exceptions\Task1\Task1.csproj", "{D7CDCFC7-FA41-4757-AE46-D27D6594AF0C}"
EndProject
Project("{FAE04EC0-301F-11D3-BF4B-00C04F79EFBC}") = "Task2", "Exceptions\Task2\Task2.csproj", "{7486FE35-91C8-4D6A-9C62-217972BED305}"
EndProject
Project("{FAE04EC0-301F-11D3-BF4B-00C04F79EFBC}") = "Task3", "Exceptions\Task3\Task3.csproj", "{CEA0F4FA-6742-435F-9C0B-74C851B9C041}"
EndProject
Project("{FAE04EC0-301F-11D3-BF4B-00C04F79EFBC}") = "Task4", "Exceptions\Task4\Task4.csproj", "{A28C62F3-81E7-45A3-A681-BAD6C7E0F429}"
EndProject
Project("{FAE04EC0-301F-11D3-BF4B-00C04F79EFBC}") = "Task1", "Strings\Strings_in_CSharp\Task1.csproj", "{64926159-2AFF-4D8F-8916-11CFD2AF53CF}"
EndProject
Project("{FAE04EC0-301F-11D3-BF4B-00C04F79EFBC}") = "Task2", "Strings\Reverse_String\Task2.csproj", "{0C405E5A-C2E9-4BFD-8F45-027701853FB1}"
EndProject
Project("{FAE04EC0-301F-11D3-BF4B-00C04F79EFBC}") = "Task3", "Strings\Task3\Task3.csproj", "{07DEF19D-AB7D-4749-AEF8-5282106B70DD}"
EndProject
Project("{FAE04EC0-301F-11D3-BF4B-00C04F79EFBC}") = "Task4", "Strings\Task4\Task4.csproj", "{9BA870FD-FF3D-40AF-BD66-C8F500DD3C30}"
EndProject
Project("{FAE04EC0-301F-11D3-BF4B-00C04F79EFBC}") = "Task5", "Strings\Task5\Task5.csproj", "{0EAAC429-B8DD-48EA-A003-EBD5FBDD2F6C}"
EndProject
Project("{FAE04EC0-301F-11D3-BF4B-00C04F79EFBC}") = "Task6", "Strings\Task6\Task6.csproj", "{9EDE260D-01D1-4E6D-BEFA-AFDE0203D854}"
EndProject
Project("{FAE04EC0-301F-11D3-BF4B-00C04F79EFBC}") = "Task7", "Strings\Task7\Task7.csproj", "{C598F6CD-BBC7-4358-A18A-8DF38CBB8D52}"
EndProject
Project("{FAE04EC0-301F-11D3-BF4B-00C04F79EFBC}") = "Task8", "Strings\Task8\Task8.csproj", "{FC10C7F4-D985-4EF4-8D80-90603B613D28}"
EndProject
Project("{FAE04EC0-301F-11D3-BF4B-00C04F79EFBC}") = "Task9", "Strings\Task9\Task9.csproj", "{61C6565A-BFE4-4A9D-AE70-4C452D252E7E}"
EndProject
Project("{FAE04EC0-301F-11D3-BF4B-00C04F79EFBC}") = "Task10", "Strings\Task10\Task10.csproj", "{D5DB4B32-7F44-4893-A3F6-385A70D829D4}"
EndProject
Project("{FAE04EC0-301F-11D3-BF4B-00C04F79EFBC}") = "Task11", "Strings\Task11\Task11.csproj", "{1840AB9B-8F9E-4112-B953-51B500535D93}"
EndProject
Project("{FAE04EC0-301F-11D3-BF4B-00C04F79EFBC}") = "Task12", "Strings\Task12\Task12.csproj", "{B2A6FF90-AE17-4FF3-BB23-4CBEA00B4AD4}"
EndProject
Project("{FAE04EC0-301F-11D3-BF4B-00C04F79EFBC}") = "Task13", "Strings\Task13\Task13.csproj", "{1183BD14-6D69-4EDE-8FA3-C85F64881F8F}"
EndProject
Project("{FAE04EC0-301F-11D3-BF4B-00C04F79EFBC}") = "Task14", "Strings\Task14\Task14.csproj", "{9A13E492-BEF3-41B4-A22B-949ECB46FB7B}"
EndProject
Project("{FAE04EC0-301F-11D3-BF4B-00C04F79EFBC}") = "Task15", "Strings\Task15\Task15.csproj", "{D9E69D0F-DE86-48CA-A1FB-CD41FF07891E}"
EndProject
Project("{FAE04EC0-301F-11D3-BF4B-00C04F79EFBC}") = "Task16", "Strings\Task16\Task16.csproj", "{10CC4001-AD3C-4039-9149-F1D3B649E375}"
EndProject
Project("{FAE04EC0-301F-11D3-BF4B-00C04F79EFBC}") = "Task17", "Strings\Task17\Task17.csproj", "{69EF1ECE-D076-4CD6-80AB-173CC884E9F4}"
EndProject
Project("{FAE04EC0-301F-11D3-BF4B-00C04F79EFBC}") = "Task18", "Strings\Task18\Task18.csproj", "{71FEDC0E-CA52-4DA0-A753-6307526E2D5F}"
EndProject
Project("{FAE04EC0-301F-11D3-BF4B-00C04F79EFBC}") = "Task19", "Strings\Task19\Task19.csproj", "{5CF0A9EF-EAF0-4586-9A64-4628081376D8}"
EndProject
Project("{FAE04EC0-301F-11D3-BF4B-00C04F79EFBC}") = "Task20", "Strings\Task20\Task20.csproj", "{D191CBCA-9913-4616-9993-97520D007576}"
EndProject
Project("{FAE04EC0-301F-11D3-BF4B-00C04F79EFBC}") = "Task21", "Strings\Task21\Task21.csproj", "{08CD09B8-982A-4991-8F60-4A503EA2928F}"
EndProject
Project("{FAE04EC0-301F-11D3-BF4B-00C04F79EFBC}") = "Task22", "Strings\Task22\Task22.csproj", "{55B742F3-AC02-4D04-806B-CE1A3AE2A32C}"
EndProject
Project("{FAE04EC0-301F-11D3-BF4B-00C04F79EFBC}") = "Task23", "Strings\Task23\Task23.csproj", "{9FCDD891-8A7D-4862-8B2B-DFD4D8132F26}"
EndProject
Project("{FAE04EC0-301F-11D3-BF4B-00C04F79EFBC}") = "Task24", "Strings\Task24\Task24.csproj", "{97DC01A6-1876-4C42-A9C9-730ABF778F3F}"
EndProject
Project("{FAE04EC0-301F-11D3-BF4B-00C04F79EFBC}") = "Task25", "Strings\Task25\Task25.csproj", "{C667FFB5-E147-4F53-B7E9-5B0D75497E3A}"
EndProject
Project("{2150E333-8FDC-42A3-9474-1A3956D46DE8}") = "Text_Files", "Text_Files", "{A01066FA-99B6-42C6-B46A-A81F90C6F617}"
EndProject
Project("{FAE04EC0-301F-11D3-BF4B-00C04F79EFBC}") = "Task1", "Text_Files\Task1\Task1.csproj", "{EAE9AB40-60E7-4669-A12D-2E6105AE2F20}"
EndProject
Project("{FAE04EC0-301F-11D3-BF4B-00C04F79EFBC}") = "Task2", "Text_Files\Task2\Task2.csproj", "{15C5C998-5CCD-426A-B831-ABA496B9E41A}"
EndProject
Global
	GlobalSection(SolutionConfigurationPlatforms) = preSolution
		Debug|Any CPU = Debug|Any CPU
		Release|Any CPU = Release|Any CPU
	EndGlobalSection
	GlobalSection(ProjectConfigurationPlatforms) = postSolution
		{FEFEF275-35D1-417A-8184-FCB92CFBEC13}.Debug|Any CPU.ActiveCfg = Debug|Any CPU
		{FEFEF275-35D1-417A-8184-FCB92CFBEC13}.Debug|Any CPU.Build.0 = Debug|Any CPU
		{FEFEF275-35D1-417A-8184-FCB92CFBEC13}.Release|Any CPU.ActiveCfg = Release|Any CPU
		{FEFEF275-35D1-417A-8184-FCB92CFBEC13}.Release|Any CPU.Build.0 = Release|Any CPU
		{B93E5DBB-9467-4198-A364-8C290FB81C8A}.Debug|Any CPU.ActiveCfg = Debug|Any CPU
		{B93E5DBB-9467-4198-A364-8C290FB81C8A}.Debug|Any CPU.Build.0 = Debug|Any CPU
		{B93E5DBB-9467-4198-A364-8C290FB81C8A}.Release|Any CPU.ActiveCfg = Release|Any CPU
		{B93E5DBB-9467-4198-A364-8C290FB81C8A}.Release|Any CPU.Build.0 = Release|Any CPU
		{98C777AF-2AA9-48D0-9762-31D9C60CE0D0}.Debug|Any CPU.ActiveCfg = Debug|Any CPU
		{98C777AF-2AA9-48D0-9762-31D9C60CE0D0}.Debug|Any CPU.Build.0 = Debug|Any CPU
		{98C777AF-2AA9-48D0-9762-31D9C60CE0D0}.Release|Any CPU.ActiveCfg = Release|Any CPU
		{98C777AF-2AA9-48D0-9762-31D9C60CE0D0}.Release|Any CPU.Build.0 = Release|Any CPU
		{D7CDCFC7-FA41-4757-AE46-D27D6594AF0C}.Debug|Any CPU.ActiveCfg = Debug|Any CPU
		{D7CDCFC7-FA41-4757-AE46-D27D6594AF0C}.Debug|Any CPU.Build.0 = Debug|Any CPU
		{D7CDCFC7-FA41-4757-AE46-D27D6594AF0C}.Release|Any CPU.ActiveCfg = Release|Any CPU
		{D7CDCFC7-FA41-4757-AE46-D27D6594AF0C}.Release|Any CPU.Build.0 = Release|Any CPU
		{7486FE35-91C8-4D6A-9C62-217972BED305}.Debug|Any CPU.ActiveCfg = Debug|Any CPU
		{7486FE35-91C8-4D6A-9C62-217972BED305}.Debug|Any CPU.Build.0 = Debug|Any CPU
		{7486FE35-91C8-4D6A-9C62-217972BED305}.Release|Any CPU.ActiveCfg = Release|Any CPU
		{7486FE35-91C8-4D6A-9C62-217972BED305}.Release|Any CPU.Build.0 = Release|Any CPU
		{CEA0F4FA-6742-435F-9C0B-74C851B9C041}.Debug|Any CPU.ActiveCfg = Debug|Any CPU
		{CEA0F4FA-6742-435F-9C0B-74C851B9C041}.Debug|Any CPU.Build.0 = Debug|Any CPU
		{CEA0F4FA-6742-435F-9C0B-74C851B9C041}.Release|Any CPU.ActiveCfg = Release|Any CPU
		{CEA0F4FA-6742-435F-9C0B-74C851B9C041}.Release|Any CPU.Build.0 = Release|Any CPU
		{A28C62F3-81E7-45A3-A681-BAD6C7E0F429}.Debug|Any CPU.ActiveCfg = Debug|Any CPU
		{A28C62F3-81E7-45A3-A681-BAD6C7E0F429}.Debug|Any CPU.Build.0 = Debug|Any CPU
		{A28C62F3-81E7-45A3-A681-BAD6C7E0F429}.Release|Any CPU.ActiveCfg = Release|Any CPU
		{A28C62F3-81E7-45A3-A681-BAD6C7E0F429}.Release|Any CPU.Build.0 = Release|Any CPU
		{64926159-2AFF-4D8F-8916-11CFD2AF53CF}.Debug|Any CPU.ActiveCfg = Debug|Any CPU
		{64926159-2AFF-4D8F-8916-11CFD2AF53CF}.Debug|Any CPU.Build.0 = Debug|Any CPU
		{64926159-2AFF-4D8F-8916-11CFD2AF53CF}.Release|Any CPU.ActiveCfg = Release|Any CPU
		{64926159-2AFF-4D8F-8916-11CFD2AF53CF}.Release|Any CPU.Build.0 = Release|Any CPU
		{0C405E5A-C2E9-4BFD-8F45-027701853FB1}.Debug|Any CPU.ActiveCfg = Debug|Any CPU
		{0C405E5A-C2E9-4BFD-8F45-027701853FB1}.Debug|Any CPU.Build.0 = Debug|Any CPU
		{0C405E5A-C2E9-4BFD-8F45-027701853FB1}.Release|Any CPU.ActiveCfg = Release|Any CPU
		{0C405E5A-C2E9-4BFD-8F45-027701853FB1}.Release|Any CPU.Build.0 = Release|Any CPU
		{07DEF19D-AB7D-4749-AEF8-5282106B70DD}.Debug|Any CPU.ActiveCfg = Debug|Any CPU
		{07DEF19D-AB7D-4749-AEF8-5282106B70DD}.Debug|Any CPU.Build.0 = Debug|Any CPU
		{07DEF19D-AB7D-4749-AEF8-5282106B70DD}.Release|Any CPU.ActiveCfg = Release|Any CPU
		{07DEF19D-AB7D-4749-AEF8-5282106B70DD}.Release|Any CPU.Build.0 = Release|Any CPU
		{9BA870FD-FF3D-40AF-BD66-C8F500DD3C30}.Debug|Any CPU.ActiveCfg = Debug|Any CPU
		{9BA870FD-FF3D-40AF-BD66-C8F500DD3C30}.Debug|Any CPU.Build.0 = Debug|Any CPU
		{9BA870FD-FF3D-40AF-BD66-C8F500DD3C30}.Release|Any CPU.ActiveCfg = Release|Any CPU
		{9BA870FD-FF3D-40AF-BD66-C8F500DD3C30}.Release|Any CPU.Build.0 = Release|Any CPU
		{0EAAC429-B8DD-48EA-A003-EBD5FBDD2F6C}.Debug|Any CPU.ActiveCfg = Debug|Any CPU
		{0EAAC429-B8DD-48EA-A003-EBD5FBDD2F6C}.Debug|Any CPU.Build.0 = Debug|Any CPU
		{0EAAC429-B8DD-48EA-A003-EBD5FBDD2F6C}.Release|Any CPU.ActiveCfg = Release|Any CPU
		{0EAAC429-B8DD-48EA-A003-EBD5FBDD2F6C}.Release|Any CPU.Build.0 = Release|Any CPU
		{9EDE260D-01D1-4E6D-BEFA-AFDE0203D854}.Debug|Any CPU.ActiveCfg = Debug|Any CPU
		{9EDE260D-01D1-4E6D-BEFA-AFDE0203D854}.Debug|Any CPU.Build.0 = Debug|Any CPU
		{9EDE260D-01D1-4E6D-BEFA-AFDE0203D854}.Release|Any CPU.ActiveCfg = Release|Any CPU
		{9EDE260D-01D1-4E6D-BEFA-AFDE0203D854}.Release|Any CPU.Build.0 = Release|Any CPU
		{C598F6CD-BBC7-4358-A18A-8DF38CBB8D52}.Debug|Any CPU.ActiveCfg = Debug|Any CPU
		{C598F6CD-BBC7-4358-A18A-8DF38CBB8D52}.Debug|Any CPU.Build.0 = Debug|Any CPU
		{C598F6CD-BBC7-4358-A18A-8DF38CBB8D52}.Release|Any CPU.ActiveCfg = Release|Any CPU
		{C598F6CD-BBC7-4358-A18A-8DF38CBB8D52}.Release|Any CPU.Build.0 = Release|Any CPU
		{FC10C7F4-D985-4EF4-8D80-90603B613D28}.Debug|Any CPU.ActiveCfg = Debug|Any CPU
		{FC10C7F4-D985-4EF4-8D80-90603B613D28}.Debug|Any CPU.Build.0 = Debug|Any CPU
		{FC10C7F4-D985-4EF4-8D80-90603B613D28}.Release|Any CPU.ActiveCfg = Release|Any CPU
		{FC10C7F4-D985-4EF4-8D80-90603B613D28}.Release|Any CPU.Build.0 = Release|Any CPU
		{61C6565A-BFE4-4A9D-AE70-4C452D252E7E}.Debug|Any CPU.ActiveCfg = Debug|Any CPU
		{61C6565A-BFE4-4A9D-AE70-4C452D252E7E}.Debug|Any CPU.Build.0 = Debug|Any CPU
		{61C6565A-BFE4-4A9D-AE70-4C452D252E7E}.Release|Any CPU.ActiveCfg = Release|Any CPU
		{61C6565A-BFE4-4A9D-AE70-4C452D252E7E}.Release|Any CPU.Build.0 = Release|Any CPU
		{D5DB4B32-7F44-4893-A3F6-385A70D829D4}.Debug|Any CPU.ActiveCfg = Debug|Any CPU
		{D5DB4B32-7F44-4893-A3F6-385A70D829D4}.Debug|Any CPU.Build.0 = Debug|Any CPU
		{D5DB4B32-7F44-4893-A3F6-385A70D829D4}.Release|Any CPU.ActiveCfg = Release|Any CPU
		{D5DB4B32-7F44-4893-A3F6-385A70D829D4}.Release|Any CPU.Build.0 = Release|Any CPU
		{1840AB9B-8F9E-4112-B953-51B500535D93}.Debug|Any CPU.ActiveCfg = Debug|Any CPU
		{1840AB9B-8F9E-4112-B953-51B500535D93}.Debug|Any CPU.Build.0 = Debug|Any CPU
		{1840AB9B-8F9E-4112-B953-51B500535D93}.Release|Any CPU.ActiveCfg = Release|Any CPU
		{1840AB9B-8F9E-4112-B953-51B500535D93}.Release|Any CPU.Build.0 = Release|Any CPU
		{B2A6FF90-AE17-4FF3-BB23-4CBEA00B4AD4}.Debug|Any CPU.ActiveCfg = Debug|Any CPU
		{B2A6FF90-AE17-4FF3-BB23-4CBEA00B4AD4}.Debug|Any CPU.Build.0 = Debug|Any CPU
		{B2A6FF90-AE17-4FF3-BB23-4CBEA00B4AD4}.Release|Any CPU.ActiveCfg = Release|Any CPU
		{B2A6FF90-AE17-4FF3-BB23-4CBEA00B4AD4}.Release|Any CPU.Build.0 = Release|Any CPU
		{1183BD14-6D69-4EDE-8FA3-C85F64881F8F}.Debug|Any CPU.ActiveCfg = Debug|Any CPU
		{1183BD14-6D69-4EDE-8FA3-C85F64881F8F}.Debug|Any CPU.Build.0 = Debug|Any CPU
		{1183BD14-6D69-4EDE-8FA3-C85F64881F8F}.Release|Any CPU.ActiveCfg = Release|Any CPU
		{1183BD14-6D69-4EDE-8FA3-C85F64881F8F}.Release|Any CPU.Build.0 = Release|Any CPU
		{9A13E492-BEF3-41B4-A22B-949ECB46FB7B}.Debug|Any CPU.ActiveCfg = Debug|Any CPU
		{9A13E492-BEF3-41B4-A22B-949ECB46FB7B}.Debug|Any CPU.Build.0 = Debug|Any CPU
		{9A13E492-BEF3-41B4-A22B-949ECB46FB7B}.Release|Any CPU.ActiveCfg = Release|Any CPU
		{9A13E492-BEF3-41B4-A22B-949ECB46FB7B}.Release|Any CPU.Build.0 = Release|Any CPU
		{D9E69D0F-DE86-48CA-A1FB-CD41FF07891E}.Debug|Any CPU.ActiveCfg = Debug|Any CPU
		{D9E69D0F-DE86-48CA-A1FB-CD41FF07891E}.Debug|Any CPU.Build.0 = Debug|Any CPU
		{D9E69D0F-DE86-48CA-A1FB-CD41FF07891E}.Release|Any CPU.ActiveCfg = Release|Any CPU
		{D9E69D0F-DE86-48CA-A1FB-CD41FF07891E}.Release|Any CPU.Build.0 = Release|Any CPU
		{10CC4001-AD3C-4039-9149-F1D3B649E375}.Debug|Any CPU.ActiveCfg = Debug|Any CPU
		{10CC4001-AD3C-4039-9149-F1D3B649E375}.Debug|Any CPU.Build.0 = Debug|Any CPU
		{10CC4001-AD3C-4039-9149-F1D3B649E375}.Release|Any CPU.ActiveCfg = Release|Any CPU
		{10CC4001-AD3C-4039-9149-F1D3B649E375}.Release|Any CPU.Build.0 = Release|Any CPU
		{69EF1ECE-D076-4CD6-80AB-173CC884E9F4}.Debug|Any CPU.ActiveCfg = Debug|Any CPU
		{69EF1ECE-D076-4CD6-80AB-173CC884E9F4}.Debug|Any CPU.Build.0 = Debug|Any CPU
		{69EF1ECE-D076-4CD6-80AB-173CC884E9F4}.Release|Any CPU.ActiveCfg = Release|Any CPU
		{69EF1ECE-D076-4CD6-80AB-173CC884E9F4}.Release|Any CPU.Build.0 = Release|Any CPU
		{71FEDC0E-CA52-4DA0-A753-6307526E2D5F}.Debug|Any CPU.ActiveCfg = Debug|Any CPU
		{71FEDC0E-CA52-4DA0-A753-6307526E2D5F}.Debug|Any CPU.Build.0 = Debug|Any CPU
		{71FEDC0E-CA52-4DA0-A753-6307526E2D5F}.Release|Any CPU.ActiveCfg = Release|Any CPU
		{71FEDC0E-CA52-4DA0-A753-6307526E2D5F}.Release|Any CPU.Build.0 = Release|Any CPU
		{5CF0A9EF-EAF0-4586-9A64-4628081376D8}.Debug|Any CPU.ActiveCfg = Debug|Any CPU
		{5CF0A9EF-EAF0-4586-9A64-4628081376D8}.Debug|Any CPU.Build.0 = Debug|Any CPU
		{5CF0A9EF-EAF0-4586-9A64-4628081376D8}.Release|Any CPU.ActiveCfg = Release|Any CPU
		{5CF0A9EF-EAF0-4586-9A64-4628081376D8}.Release|Any CPU.Build.0 = Release|Any CPU
		{D191CBCA-9913-4616-9993-97520D007576}.Debug|Any CPU.ActiveCfg = Debug|Any CPU
		{D191CBCA-9913-4616-9993-97520D007576}.Debug|Any CPU.Build.0 = Debug|Any CPU
		{D191CBCA-9913-4616-9993-97520D007576}.Release|Any CPU.ActiveCfg = Release|Any CPU
		{D191CBCA-9913-4616-9993-97520D007576}.Release|Any CPU.Build.0 = Release|Any CPU
		{08CD09B8-982A-4991-8F60-4A503EA2928F}.Debug|Any CPU.ActiveCfg = Debug|Any CPU
		{08CD09B8-982A-4991-8F60-4A503EA2928F}.Debug|Any CPU.Build.0 = Debug|Any CPU
		{08CD09B8-982A-4991-8F60-4A503EA2928F}.Release|Any CPU.ActiveCfg = Release|Any CPU
		{08CD09B8-982A-4991-8F60-4A503EA2928F}.Release|Any CPU.Build.0 = Release|Any CPU
		{55B742F3-AC02-4D04-806B-CE1A3AE2A32C}.Debug|Any CPU.ActiveCfg = Debug|Any CPU
		{55B742F3-AC02-4D04-806B-CE1A3AE2A32C}.Debug|Any CPU.Build.0 = Debug|Any CPU
		{55B742F3-AC02-4D04-806B-CE1A3AE2A32C}.Release|Any CPU.ActiveCfg = Release|Any CPU
		{55B742F3-AC02-4D04-806B-CE1A3AE2A32C}.Release|Any CPU.Build.0 = Release|Any CPU
		{9FCDD891-8A7D-4862-8B2B-DFD4D8132F26}.Debug|Any CPU.ActiveCfg = Debug|Any CPU
		{9FCDD891-8A7D-4862-8B2B-DFD4D8132F26}.Debug|Any CPU.Build.0 = Debug|Any CPU
		{9FCDD891-8A7D-4862-8B2B-DFD4D8132F26}.Release|Any CPU.ActiveCfg = Release|Any CPU
		{9FCDD891-8A7D-4862-8B2B-DFD4D8132F26}.Release|Any CPU.Build.0 = Release|Any CPU
		{97DC01A6-1876-4C42-A9C9-730ABF778F3F}.Debug|Any CPU.ActiveCfg = Debug|Any CPU
		{97DC01A6-1876-4C42-A9C9-730ABF778F3F}.Debug|Any CPU.Build.0 = Debug|Any CPU
		{97DC01A6-1876-4C42-A9C9-730ABF778F3F}.Release|Any CPU.ActiveCfg = Release|Any CPU
		{97DC01A6-1876-4C42-A9C9-730ABF778F3F}.Release|Any CPU.Build.0 = Release|Any CPU
		{C667FFB5-E147-4F53-B7E9-5B0D75497E3A}.Debug|Any CPU.ActiveCfg = Debug|Any CPU
		{C667FFB5-E147-4F53-B7E9-5B0D75497E3A}.Debug|Any CPU.Build.0 = Debug|Any CPU
		{C667FFB5-E147-4F53-B7E9-5B0D75497E3A}.Release|Any CPU.ActiveCfg = Release|Any CPU
		{C667FFB5-E147-4F53-B7E9-5B0D75497E3A}.Release|Any CPU.Build.0 = Release|Any CPU
		{EAE9AB40-60E7-4669-A12D-2E6105AE2F20}.Debug|Any CPU.ActiveCfg = Debug|Any CPU
		{EAE9AB40-60E7-4669-A12D-2E6105AE2F20}.Debug|Any CPU.Build.0 = Debug|Any CPU
		{EAE9AB40-60E7-4669-A12D-2E6105AE2F20}.Release|Any CPU.ActiveCfg = Release|Any CPU
		{EAE9AB40-60E7-4669-A12D-2E6105AE2F20}.Release|Any CPU.Build.0 = Release|Any CPU
		{15C5C998-5CCD-426A-B831-ABA496B9E41A}.Debug|Any CPU.ActiveCfg = Debug|Any CPU
		{15C5C998-5CCD-426A-B831-ABA496B9E41A}.Debug|Any CPU.Build.0 = Debug|Any CPU
		{15C5C998-5CCD-426A-B831-ABA496B9E41A}.Release|Any CPU.ActiveCfg = Release|Any CPU
		{15C5C998-5CCD-426A-B831-ABA496B9E41A}.Release|Any CPU.Build.0 = Release|Any CPU
	EndGlobalSection
	GlobalSection(SolutionProperties) = preSolution
		HideSolutionNode = FALSE
	EndGlobalSection
	GlobalSection(NestedProjects) = preSolution
		{D7CDCFC7-FA41-4757-AE46-D27D6594AF0C} = {B1052E85-3174-47D9-AA1B-AB6E25CE6EF2}
		{7486FE35-91C8-4D6A-9C62-217972BED305} = {B1052E85-3174-47D9-AA1B-AB6E25CE6EF2}
		{CEA0F4FA-6742-435F-9C0B-74C851B9C041} = {B1052E85-3174-47D9-AA1B-AB6E25CE6EF2}
		{A28C62F3-81E7-45A3-A681-BAD6C7E0F429} = {B1052E85-3174-47D9-AA1B-AB6E25CE6EF2}
		{64926159-2AFF-4D8F-8916-11CFD2AF53CF} = {D528F76D-D265-4323-A2C3-A5B140754F17}
		{0C405E5A-C2E9-4BFD-8F45-027701853FB1} = {D528F76D-D265-4323-A2C3-A5B140754F17}
		{07DEF19D-AB7D-4749-AEF8-5282106B70DD} = {D528F76D-D265-4323-A2C3-A5B140754F17}
		{9BA870FD-FF3D-40AF-BD66-C8F500DD3C30} = {D528F76D-D265-4323-A2C3-A5B140754F17}
		{0EAAC429-B8DD-48EA-A003-EBD5FBDD2F6C} = {D528F76D-D265-4323-A2C3-A5B140754F17}
		{9EDE260D-01D1-4E6D-BEFA-AFDE0203D854} = {D528F76D-D265-4323-A2C3-A5B140754F17}
		{C598F6CD-BBC7-4358-A18A-8DF38CBB8D52} = {D528F76D-D265-4323-A2C3-A5B140754F17}
		{FC10C7F4-D985-4EF4-8D80-90603B613D28} = {D528F76D-D265-4323-A2C3-A5B140754F17}
		{61C6565A-BFE4-4A9D-AE70-4C452D252E7E} = {D528F76D-D265-4323-A2C3-A5B140754F17}
		{D5DB4B32-7F44-4893-A3F6-385A70D829D4} = {D528F76D-D265-4323-A2C3-A5B140754F17}
		{1840AB9B-8F9E-4112-B953-51B500535D93} = {D528F76D-D265-4323-A2C3-A5B140754F17}
		{B2A6FF90-AE17-4FF3-BB23-4CBEA00B4AD4} = {D528F76D-D265-4323-A2C3-A5B140754F17}
		{1183BD14-6D69-4EDE-8FA3-C85F64881F8F} = {D528F76D-D265-4323-A2C3-A5B140754F17}
		{9A13E492-BEF3-41B4-A22B-949ECB46FB7B} = {D528F76D-D265-4323-A2C3-A5B140754F17}
		{D9E69D0F-DE86-48CA-A1FB-CD41FF07891E} = {D528F76D-D265-4323-A2C3-A5B140754F17}
		{10CC4001-AD3C-4039-9149-F1D3B649E375} = {D528F76D-D265-4323-A2C3-A5B140754F17}
		{69EF1ECE-D076-4CD6-80AB-173CC884E9F4} = {D528F76D-D265-4323-A2C3-A5B140754F17}
		{71FEDC0E-CA52-4DA0-A753-6307526E2D5F} = {D528F76D-D265-4323-A2C3-A5B140754F17}
		{5CF0A9EF-EAF0-4586-9A64-4628081376D8} = {D528F76D-D265-4323-A2C3-A5B140754F17}
		{D191CBCA-9913-4616-9993-97520D007576} = {D528F76D-D265-4323-A2C3-A5B140754F17}
		{08CD09B8-982A-4991-8F60-4A503EA2928F} = {D528F76D-D265-4323-A2C3-A5B140754F17}
		{55B742F3-AC02-4D04-806B-CE1A3AE2A32C} = {D528F76D-D265-4323-A2C3-A5B140754F17}
		{9FCDD891-8A7D-4862-8B2B-DFD4D8132F26} = {D528F76D-D265-4323-A2C3-A5B140754F17}
		{97DC01A6-1876-4C42-A9C9-730ABF778F3F} = {D528F76D-D265-4323-A2C3-A5B140754F17}
		{C667FFB5-E147-4F53-B7E9-5B0D75497E3A} = {D528F76D-D265-4323-A2C3-A5B140754F17}
		{EAE9AB40-60E7-4669-A12D-2E6105AE2F20} = {A01066FA-99B6-42C6-B46A-A81F90C6F617}
		{15C5C998-5CCD-426A-B831-ABA496B9E41A} = {A01066FA-99B6-42C6-B46A-A81F90C6F617}
	EndGlobalSection
	GlobalSection(ExtensibilityGlobals) = postSolution
		SolutionGuid = {42A17AE1-2B53-49F3-898B-55E1EFB83209}
	EndGlobalSection
EndGlobal
