
Microsoft Visual Studio Solution File, Format Version 12.00
# Visual Studio Version 16
VisualStudioVersion = 16.0.28803.202
MinimumVisualStudioVersion = 10.0.40219.1
Project("{FAE04EC0-301F-11D3-BF4B-00C04F79EFBC}") = "Multidimentional_Arrays", "CSharp_Advanced\Multidimentional_Arrays.csproj", "{FEFEF275-35D1-417A-8184-FCB92CFBEC13}"
EndProject
Project("{FAE04EC0-301F-11D3-BF4B-00C04F79EFBC}") = "Methods", "Methods\Methods.csproj", "{B93E5DBB-9467-4198-A364-8C290FB81C8A}"
EndProject
Project("{FAE04EC0-301F-11D3-BF4B-00C04F79EFBC}") = "Using_Classes_and_Objects", "Using_Classes_and_Objects\Using_Classes_and_Objects.csproj", "{98C777AF-2AA9-48D0-9762-31D9C60CE0D0}"
EndProject
Project("{FAE04EC0-301F-11D3-BF4B-00C04F79EFBC}") = "Task1", "Strings_in_CSharp\Task1.csproj", "{64926159-2AFF-4D8F-8916-11CFD2AF53CF}"
EndProject
Project("{2150E333-8FDC-42A3-9474-1A3956D46DE8}") = "Strings", "Strings", "{D528F76D-D265-4323-A2C3-A5B140754F17}"
EndProject
Project("{FAE04EC0-301F-11D3-BF4B-00C04F79EFBC}") = "Task2", "Reverse_String\Task2.csproj", "{0C405E5A-C2E9-4BFD-8F45-027701853FB1}"
EndProject
Project("{FAE04EC0-301F-11D3-BF4B-00C04F79EFBC}") = "Task3", "Task3\Task3.csproj", "{07DEF19D-AB7D-4749-AEF8-5282106B70DD}"
EndProject
Project("{FAE04EC0-301F-11D3-BF4B-00C04F79EFBC}") = "Task4", "Task4\Task4.csproj", "{9BA870FD-FF3D-40AF-BD66-C8F500DD3C30}"
EndProject
Project("{FAE04EC0-301F-11D3-BF4B-00C04F79EFBC}") = "Task5", "Task5\Task5.csproj", "{0EAAC429-B8DD-48EA-A003-EBD5FBDD2F6C}"
EndProject
Project("{FAE04EC0-301F-11D3-BF4B-00C04F79EFBC}") = "Task6", "Task6\Task6.csproj", "{9EDE260D-01D1-4E6D-BEFA-AFDE0203D854}"
EndProject
Project("{FAE04EC0-301F-11D3-BF4B-00C04F79EFBC}") = "Task7", "Task7\Task7.csproj", "{C598F6CD-BBC7-4358-A18A-8DF38CBB8D52}"
EndProject
Project("{FAE04EC0-301F-11D3-BF4B-00C04F79EFBC}") = "Task8", "Task8\Task8.csproj", "{FC10C7F4-D985-4EF4-8D80-90603B613D28}"
EndProject
Project("{FAE04EC0-301F-11D3-BF4B-00C04F79EFBC}") = "Task9", "Task9\Task9.csproj", "{61C6565A-BFE4-4A9D-AE70-4C452D252E7E}"
EndProject
Project("{FAE04EC0-301F-11D3-BF4B-00C04F79EFBC}") = "Task10", "Task10\Task10.csproj", "{D5DB4B32-7F44-4893-A3F6-385A70D829D4}"
EndProject
Project("{FAE04EC0-301F-11D3-BF4B-00C04F79EFBC}") = "Task11", "Task11\Task11.csproj", "{1840AB9B-8F9E-4112-B953-51B500535D93}"
EndProject
Project("{FAE04EC0-301F-11D3-BF4B-00C04F79EFBC}") = "Task12", "Task12\Task12.csproj", "{B2A6FF90-AE17-4FF3-BB23-4CBEA00B4AD4}"
EndProject
Project("{FAE04EC0-301F-11D3-BF4B-00C04F79EFBC}") = "Task14", "Task14\Task14.csproj", "{9A13E492-BEF3-41B4-A22B-949ECB46FB7B}"
EndProject
Project("{FAE04EC0-301F-11D3-BF4B-00C04F79EFBC}") = "Task15", "Task15\Task15.csproj", "{D9E69D0F-DE86-48CA-A1FB-CD41FF07891E}"
EndProject
Project("{FAE04EC0-301F-11D3-BF4B-00C04F79EFBC}") = "Task13", "Task13\Task13.csproj", "{1183BD14-6D69-4EDE-8FA3-C85F64881F8F}"
EndProject
Project("{FAE04EC0-301F-11D3-BF4B-00C04F79EFBC}") = "Task16", "Task16\Task16.csproj", "{10CC4001-AD3C-4039-9149-F1D3B649E375}"
EndProject
Project("{FAE04EC0-301F-11D3-BF4B-00C04F79EFBC}") = "Task17", "Task17\Task17.csproj", "{69EF1ECE-D076-4CD6-80AB-173CC884E9F4}"
EndProject
Project("{FAE04EC0-301F-11D3-BF4B-00C04F79EFBC}") = "Task18", "Task18\Task18.csproj", "{71FEDC0E-CA52-4DA0-A753-6307526E2D5F}"
EndProject
Project("{FAE04EC0-301F-11D3-BF4B-00C04F79EFBC}") = "Task19", "Task19\Task19.csproj", "{5CF0A9EF-EAF0-4586-9A64-4628081376D8}"
EndProject
Global
	GlobalSection(SolutionConfigurationPlatforms) = preSolution
		Debug|Any CPU = Debug|Any CPU
		Release|Any CPU = Release|Any CPU
	EndGlobalSection
	GlobalSection(ProjectConfigurationPlatforms) = postSolution
		{FEFEF275-35D1-417A-8184-FCB92CFBEC13}.Debug|Any CPU.ActiveCfg = Debug|Any CPU
		{FEFEF275-35D1-417A-8184-FCB92CFBEC13}.Debug|Any CPU.Build.0 = Debug|Any CPU
		{FEFEF275-35D1-417A-8184-FCB92CFBEC13}.Release|Any CPU.ActiveCfg = Release|Any CPU
		{FEFEF275-35D1-417A-8184-FCB92CFBEC13}.Release|Any CPU.Build.0 = Release|Any CPU
		{B93E5DBB-9467-4198-A364-8C290FB81C8A}.Debug|Any CPU.ActiveCfg = Debug|Any CPU
		{B93E5DBB-9467-4198-A364-8C290FB81C8A}.Debug|Any CPU.Build.0 = Debug|Any CPU
		{B93E5DBB-9467-4198-A364-8C290FB81C8A}.Release|Any CPU.ActiveCfg = Release|Any CPU
		{B93E5DBB-9467-4198-A364-8C290FB81C8A}.Release|Any CPU.Build.0 = Release|Any CPU
		{98C777AF-2AA9-48D0-9762-31D9C60CE0D0}.Debug|Any CPU.ActiveCfg = Debug|Any CPU
		{98C777AF-2AA9-48D0-9762-31D9C60CE0D0}.Debug|Any CPU.Build.0 = Debug|Any CPU
		{98C777AF-2AA9-48D0-9762-31D9C60CE0D0}.Release|Any CPU.ActiveCfg = Release|Any CPU
		{98C777AF-2AA9-48D0-9762-31D9C60CE0D0}.Release|Any CPU.Build.0 = Release|Any CPU
		{64926159-2AFF-4D8F-8916-11CFD2AF53CF}.Debug|Any CPU.ActiveCfg = Debug|Any CPU
		{64926159-2AFF-4D8F-8916-11CFD2AF53CF}.Debug|Any CPU.Build.0 = Debug|Any CPU
		{64926159-2AFF-4D8F-8916-11CFD2AF53CF}.Release|Any CPU.ActiveCfg = Release|Any CPU
		{64926159-2AFF-4D8F-8916-11CFD2AF53CF}.Release|Any CPU.Build.0 = Release|Any CPU
		{0C405E5A-C2E9-4BFD-8F45-027701853FB1}.Debug|Any CPU.ActiveCfg = Debug|Any CPU
		{0C405E5A-C2E9-4BFD-8F45-027701853FB1}.Debug|Any CPU.Build.0 = Debug|Any CPU
		{0C405E5A-C2E9-4BFD-8F45-027701853FB1}.Release|Any CPU.ActiveCfg = Release|Any CPU
		{0C405E5A-C2E9-4BFD-8F45-027701853FB1}.Release|Any CPU.Build.0 = Release|Any CPU
		{07DEF19D-AB7D-4749-AEF8-5282106B70DD}.Debug|Any CPU.ActiveCfg = Debug|Any CPU
		{07DEF19D-AB7D-4749-AEF8-5282106B70DD}.Debug|Any CPU.Build.0 = Debug|Any CPU
		{07DEF19D-AB7D-4749-AEF8-5282106B70DD}.Release|Any CPU.ActiveCfg = Release|Any CPU
		{07DEF19D-AB7D-4749-AEF8-5282106B70DD}.Release|Any CPU.Build.0 = Release|Any CPU
		{9BA870FD-FF3D-40AF-BD66-C8F500DD3C30}.Debug|Any CPU.ActiveCfg = Debug|Any CPU
		{9BA870FD-FF3D-40AF-BD66-C8F500DD3C30}.Debug|Any CPU.Build.0 = Debug|Any CPU
		{9BA870FD-FF3D-40AF-BD66-C8F500DD3C30}.Release|Any CPU.ActiveCfg = Release|Any CPU
		{9BA870FD-FF3D-40AF-BD66-C8F500DD3C30}.Release|Any CPU.Build.0 = Release|Any CPU
		{0EAAC429-B8DD-48EA-A003-EBD5FBDD2F6C}.Debug|Any CPU.ActiveCfg = Debug|Any CPU
		{0EAAC429-B8DD-48EA-A003-EBD5FBDD2F6C}.Debug|Any CPU.Build.0 = Debug|Any CPU
		{0EAAC429-B8DD-48EA-A003-EBD5FBDD2F6C}.Release|Any CPU.ActiveCfg = Release|Any CPU
		{0EAAC429-B8DD-48EA-A003-EBD5FBDD2F6C}.Release|Any CPU.Build.0 = Release|Any CPU
		{9EDE260D-01D1-4E6D-BEFA-AFDE0203D854}.Debug|Any CPU.ActiveCfg = Debug|Any CPU
		{9EDE260D-01D1-4E6D-BEFA-AFDE0203D854}.Debug|Any CPU.Build.0 = Debug|Any CPU
		{9EDE260D-01D1-4E6D-BEFA-AFDE0203D854}.Release|Any CPU.ActiveCfg = Release|Any CPU
		{9EDE260D-01D1-4E6D-BEFA-AFDE0203D854}.Release|Any CPU.Build.0 = Release|Any CPU
		{C598F6CD-BBC7-4358-A18A-8DF38CBB8D52}.Debug|Any CPU.ActiveCfg = Debug|Any CPU
		{C598F6CD-BBC7-4358-A18A-8DF38CBB8D52}.Debug|Any CPU.Build.0 = Debug|Any CPU
		{C598F6CD-BBC7-4358-A18A-8DF38CBB8D52}.Release|Any CPU.ActiveCfg = Release|Any CPU
		{C598F6CD-BBC7-4358-A18A-8DF38CBB8D52}.Release|Any CPU.Build.0 = Release|Any CPU
		{FC10C7F4-D985-4EF4-8D80-90603B613D28}.Debug|Any CPU.ActiveCfg = Debug|Any CPU
		{FC10C7F4-D985-4EF4-8D80-90603B613D28}.Debug|Any CPU.Build.0 = Debug|Any CPU
		{FC10C7F4-D985-4EF4-8D80-90603B613D28}.Release|Any CPU.ActiveCfg = Release|Any CPU
		{FC10C7F4-D985-4EF4-8D80-90603B613D28}.Release|Any CPU.Build.0 = Release|Any CPU
		{61C6565A-BFE4-4A9D-AE70-4C452D252E7E}.Debug|Any CPU.ActiveCfg = Debug|Any CPU
		{61C6565A-BFE4-4A9D-AE70-4C452D252E7E}.Debug|Any CPU.Build.0 = Debug|Any CPU
		{61C6565A-BFE4-4A9D-AE70-4C452D252E7E}.Release|Any CPU.ActiveCfg = Release|Any CPU
		{61C6565A-BFE4-4A9D-AE70-4C452D252E7E}.Release|Any CPU.Build.0 = Release|Any CPU
		{D5DB4B32-7F44-4893-A3F6-385A70D829D4}.Debug|Any CPU.ActiveCfg = Debug|Any CPU
		{D5DB4B32-7F44-4893-A3F6-385A70D829D4}.Debug|Any CPU.Build.0 = Debug|Any CPU
		{D5DB4B32-7F44-4893-A3F6-385A70D829D4}.Release|Any CPU.ActiveCfg = Release|Any CPU
		{D5DB4B32-7F44-4893-A3F6-385A70D829D4}.Release|Any CPU.Build.0 = Release|Any CPU
		{1840AB9B-8F9E-4112-B953-51B500535D93}.Debug|Any CPU.ActiveCfg = Debug|Any CPU
		{1840AB9B-8F9E-4112-B953-51B500535D93}.Debug|Any CPU.Build.0 = Debug|Any CPU
		{1840AB9B-8F9E-4112-B953-51B500535D93}.Release|Any CPU.ActiveCfg = Release|Any CPU
		{1840AB9B-8F9E-4112-B953-51B500535D93}.Release|Any CPU.Build.0 = Release|Any CPU
		{B2A6FF90-AE17-4FF3-BB23-4CBEA00B4AD4}.Debug|Any CPU.ActiveCfg = Debug|Any CPU
		{B2A6FF90-AE17-4FF3-BB23-4CBEA00B4AD4}.Debug|Any CPU.Build.0 = Debug|Any CPU
		{B2A6FF90-AE17-4FF3-BB23-4CBEA00B4AD4}.Release|Any CPU.ActiveCfg = Release|Any CPU
		{B2A6FF90-AE17-4FF3-BB23-4CBEA00B4AD4}.Release|Any CPU.Build.0 = Release|Any CPU
		{9A13E492-BEF3-41B4-A22B-949ECB46FB7B}.Debug|Any CPU.ActiveCfg = Debug|Any CPU
		{9A13E492-BEF3-41B4-A22B-949ECB46FB7B}.Debug|Any CPU.Build.0 = Debug|Any CPU
		{9A13E492-BEF3-41B4-A22B-949ECB46FB7B}.Release|Any CPU.ActiveCfg = Release|Any CPU
		{9A13E492-BEF3-41B4-A22B-949ECB46FB7B}.Release|Any CPU.Build.0 = Release|Any CPU
		{D9E69D0F-DE86-48CA-A1FB-CD41FF07891E}.Debug|Any CPU.ActiveCfg = Debug|Any CPU
		{D9E69D0F-DE86-48CA-A1FB-CD41FF07891E}.Debug|Any CPU.Build.0 = Debug|Any CPU
		{D9E69D0F-DE86-48CA-A1FB-CD41FF07891E}.Release|Any CPU.ActiveCfg = Release|Any CPU
		{D9E69D0F-DE86-48CA-A1FB-CD41FF07891E}.Release|Any CPU.Build.0 = Release|Any CPU
		{1183BD14-6D69-4EDE-8FA3-C85F64881F8F}.Debug|Any CPU.ActiveCfg = Debug|Any CPU
		{1183BD14-6D69-4EDE-8FA3-C85F64881F8F}.Debug|Any CPU.Build.0 = Debug|Any CPU
		{1183BD14-6D69-4EDE-8FA3-C85F64881F8F}.Release|Any CPU.ActiveCfg = Release|Any CPU
		{1183BD14-6D69-4EDE-8FA3-C85F64881F8F}.Release|Any CPU.Build.0 = Release|Any CPU
		{10CC4001-AD3C-4039-9149-F1D3B649E375}.Debug|Any CPU.ActiveCfg = Debug|Any CPU
		{10CC4001-AD3C-4039-9149-F1D3B649E375}.Debug|Any CPU.Build.0 = Debug|Any CPU
		{10CC4001-AD3C-4039-9149-F1D3B649E375}.Release|Any CPU.ActiveCfg = Release|Any CPU
		{10CC4001-AD3C-4039-9149-F1D3B649E375}.Release|Any CPU.Build.0 = Release|Any CPU
		{69EF1ECE-D076-4CD6-80AB-173CC884E9F4}.Debug|Any CPU.ActiveCfg = Debug|Any CPU
		{69EF1ECE-D076-4CD6-80AB-173CC884E9F4}.Debug|Any CPU.Build.0 = Debug|Any CPU
		{69EF1ECE-D076-4CD6-80AB-173CC884E9F4}.Release|Any CPU.ActiveCfg = Release|Any CPU
		{69EF1ECE-D076-4CD6-80AB-173CC884E9F4}.Release|Any CPU.Build.0 = Release|Any CPU
		{71FEDC0E-CA52-4DA0-A753-6307526E2D5F}.Debug|Any CPU.ActiveCfg = Debug|Any CPU
		{71FEDC0E-CA52-4DA0-A753-6307526E2D5F}.Debug|Any CPU.Build.0 = Debug|Any CPU
		{71FEDC0E-CA52-4DA0-A753-6307526E2D5F}.Release|Any CPU.ActiveCfg = Release|Any CPU
		{71FEDC0E-CA52-4DA0-A753-6307526E2D5F}.Release|Any CPU.Build.0 = Release|Any CPU
		{5CF0A9EF-EAF0-4586-9A64-4628081376D8}.Debug|Any CPU.ActiveCfg = Debug|Any CPU
		{5CF0A9EF-EAF0-4586-9A64-4628081376D8}.Debug|Any CPU.Build.0 = Debug|Any CPU
		{5CF0A9EF-EAF0-4586-9A64-4628081376D8}.Release|Any CPU.ActiveCfg = Release|Any CPU
		{5CF0A9EF-EAF0-4586-9A64-4628081376D8}.Release|Any CPU.Build.0 = Release|Any CPU
	EndGlobalSection
	GlobalSection(SolutionProperties) = preSolution
		HideSolutionNode = FALSE
	EndGlobalSection
	GlobalSection(NestedProjects) = preSolution
		{64926159-2AFF-4D8F-8916-11CFD2AF53CF} = {D528F76D-D265-4323-A2C3-A5B140754F17}
		{0C405E5A-C2E9-4BFD-8F45-027701853FB1} = {D528F76D-D265-4323-A2C3-A5B140754F17}
		{07DEF19D-AB7D-4749-AEF8-5282106B70DD} = {D528F76D-D265-4323-A2C3-A5B140754F17}
		{9BA870FD-FF3D-40AF-BD66-C8F500DD3C30} = {D528F76D-D265-4323-A2C3-A5B140754F17}
		{0EAAC429-B8DD-48EA-A003-EBD5FBDD2F6C} = {D528F76D-D265-4323-A2C3-A5B140754F17}
		{9EDE260D-01D1-4E6D-BEFA-AFDE0203D854} = {D528F76D-D265-4323-A2C3-A5B140754F17}
		{C598F6CD-BBC7-4358-A18A-8DF38CBB8D52} = {D528F76D-D265-4323-A2C3-A5B140754F17}
		{FC10C7F4-D985-4EF4-8D80-90603B613D28} = {D528F76D-D265-4323-A2C3-A5B140754F17}
		{61C6565A-BFE4-4A9D-AE70-4C452D252E7E} = {D528F76D-D265-4323-A2C3-A5B140754F17}
		{D5DB4B32-7F44-4893-A3F6-385A70D829D4} = {D528F76D-D265-4323-A2C3-A5B140754F17}
		{1840AB9B-8F9E-4112-B953-51B500535D93} = {D528F76D-D265-4323-A2C3-A5B140754F17}
		{B2A6FF90-AE17-4FF3-BB23-4CBEA00B4AD4} = {D528F76D-D265-4323-A2C3-A5B140754F17}
		{9A13E492-BEF3-41B4-A22B-949ECB46FB7B} = {D528F76D-D265-4323-A2C3-A5B140754F17}
		{D9E69D0F-DE86-48CA-A1FB-CD41FF07891E} = {D528F76D-D265-4323-A2C3-A5B140754F17}
		{1183BD14-6D69-4EDE-8FA3-C85F64881F8F} = {D528F76D-D265-4323-A2C3-A5B140754F17}
		{10CC4001-AD3C-4039-9149-F1D3B649E375} = {D528F76D-D265-4323-A2C3-A5B140754F17}
		{69EF1ECE-D076-4CD6-80AB-173CC884E9F4} = {D528F76D-D265-4323-A2C3-A5B140754F17}
		{71FEDC0E-CA52-4DA0-A753-6307526E2D5F} = {D528F76D-D265-4323-A2C3-A5B140754F17}
		{5CF0A9EF-EAF0-4586-9A64-4628081376D8} = {D528F76D-D265-4323-A2C3-A5B140754F17}
	EndGlobalSection
	GlobalSection(ExtensibilityGlobals) = postSolution
		SolutionGuid = {42A17AE1-2B53-49F3-898B-55E1EFB83209}
	EndGlobalSection
EndGlobal
